// !$*UTF8*$!
{
	archiveVersion = 1;
	classes = {
	};
	objectVersion = 56;
	objects = {

/* Begin PBXBuildFile section */
		045A5ED02C08228C0023BFDB /* FormPage.swift in Sources */ = {isa = PBXBuildFile; fileRef = 045A5ECF2C08228C0023BFDB /* FormPage.swift */; };
		08A741562C015E860053A41A /* OnboardingMainView.swift in Sources */ = {isa = PBXBuildFile; fileRef = 08A741552C015E860053A41A /* OnboardingMainView.swift */; };
		08A741582C015FDE0053A41A /* OnboardingModel.swift in Sources */ = {isa = PBXBuildFile; fileRef = 08A741572C015FDE0053A41A /* OnboardingModel.swift */; };
		08A7415A2C0160DA0053A41A /* OnboardingMainViewModel.swift in Sources */ = {isa = PBXBuildFile; fileRef = 08A741592C0160DA0053A41A /* OnboardingMainViewModel.swift */; };
		08A7415C2C0164EB0053A41A /* OnboardingSliderView.swift in Sources */ = {isa = PBXBuildFile; fileRef = 08A7415B2C0164EB0053A41A /* OnboardingSliderView.swift */; };
		08A7415E2C01733B0053A41A /* OnboardingItemView.swift in Sources */ = {isa = PBXBuildFile; fileRef = 08A7415D2C01733B0053A41A /* OnboardingItemView.swift */; };
		B66D5A622C01B69E00536FEF /* HomePage.swift in Sources */ = {isa = PBXBuildFile; fileRef = B66D5A612C01B69E00536FEF /* HomePage.swift */; };
		B66D5A662C01BC6200536FEF /* CircleImage.swift in Sources */ = {isa = PBXBuildFile; fileRef = B66D5A652C01BC6200536FEF /* CircleImage.swift */; };
		B66D5A6A2C01C79900536FEF /* BottomRoundedCorners.swift in Sources */ = {isa = PBXBuildFile; fileRef = B66D5A692C01C79900536FEF /* BottomRoundedCorners.swift */; };
		B67AB8372BFAE3C7006F010E /* MyTinApp.swift in Sources */ = {isa = PBXBuildFile; fileRef = B67AB8362BFAE3C7006F010E /* MyTinApp.swift */; };
		B67AB8392BFAE3C7006F010E /* ContentView.swift in Sources */ = {isa = PBXBuildFile; fileRef = B67AB8382BFAE3C7006F010E /* ContentView.swift */; };
		B67AB83B2BFAE3C8006F010E /* Assets.xcassets in Resources */ = {isa = PBXBuildFile; fileRef = B67AB83A2BFAE3C8006F010E /* Assets.xcassets */; };
		B67AB83E2BFAE3C8006F010E /* Preview Assets.xcassets in Resources */ = {isa = PBXBuildFile; fileRef = B67AB83D2BFAE3C8006F010E /* Preview Assets.xcassets */; };
		B68825B42BFFA98000C6EC1C /* User.swift in Sources */ = {isa = PBXBuildFile; fileRef = B68825B32BFFA98000C6EC1C /* User.swift */; };
		B68825B62BFFA99300C6EC1C /* Trip.swift in Sources */ = {isa = PBXBuildFile; fileRef = B68825B52BFFA99300C6EC1C /* Trip.swift */; };
		B68825B82BFFA9A000C6EC1C /* Day.swift in Sources */ = {isa = PBXBuildFile; fileRef = B68825B72BFFA9A000C6EC1C /* Day.swift */; };
		B68825BA2BFFA9AF00C6EC1C /* Destination.swift in Sources */ = {isa = PBXBuildFile; fileRef = B68825B92BFFA9AF00C6EC1C /* Destination.swift */; };
		B68825BC2BFFA9BB00C6EC1C /* ToDo.swift in Sources */ = {isa = PBXBuildFile; fileRef = B68825BB2BFFA9BB00C6EC1C /* ToDo.swift */; };
		B68825BE2BFFA9D400C6EC1C /* Photo.swift in Sources */ = {isa = PBXBuildFile; fileRef = B68825BD2BFFA9D400C6EC1C /* Photo.swift */; };
		B68825C02BFFAA0E00C6EC1C /* ModelData.swift in Sources */ = {isa = PBXBuildFile; fileRef = B68825BF2BFFAA0E00C6EC1C /* ModelData.swift */; };
/* End PBXBuildFile section */

/* Begin PBXFileReference section */
		045A5ECF2C08228C0023BFDB /* FormPage.swift */ = {isa = PBXFileReference; lastKnownFileType = sourcecode.swift; path = FormPage.swift; sourceTree = "<group>"; };
		08A741552C015E860053A41A /* OnboardingMainView.swift */ = {isa = PBXFileReference; lastKnownFileType = sourcecode.swift; path = OnboardingMainView.swift; sourceTree = "<group>"; };
		08A741572C015FDE0053A41A /* OnboardingModel.swift */ = {isa = PBXFileReference; lastKnownFileType = sourcecode.swift; path = OnboardingModel.swift; sourceTree = "<group>"; };
		08A741592C0160DA0053A41A /* OnboardingMainViewModel.swift */ = {isa = PBXFileReference; lastKnownFileType = sourcecode.swift; path = OnboardingMainViewModel.swift; sourceTree = "<group>"; };
		08A7415B2C0164EB0053A41A /* OnboardingSliderView.swift */ = {isa = PBXFileReference; lastKnownFileType = sourcecode.swift; path = OnboardingSliderView.swift; sourceTree = "<group>"; };
		08A7415D2C01733B0053A41A /* OnboardingItemView.swift */ = {isa = PBXFileReference; lastKnownFileType = sourcecode.swift; path = OnboardingItemView.swift; sourceTree = "<group>"; };
		B66D5A612C01B69E00536FEF /* HomePage.swift */ = {isa = PBXFileReference; lastKnownFileType = sourcecode.swift; path = HomePage.swift; sourceTree = "<group>"; };
		B66D5A652C01BC6200536FEF /* CircleImage.swift */ = {isa = PBXFileReference; lastKnownFileType = sourcecode.swift; path = CircleImage.swift; sourceTree = "<group>"; };
		B66D5A692C01C79900536FEF /* BottomRoundedCorners.swift */ = {isa = PBXFileReference; lastKnownFileType = sourcecode.swift; path = BottomRoundedCorners.swift; sourceTree = "<group>"; };
		B67AB8332BFAE3C7006F010E /* MyTin.app */ = {isa = PBXFileReference; explicitFileType = wrapper.application; includeInIndex = 0; path = MyTin.app; sourceTree = BUILT_PRODUCTS_DIR; };
		B67AB8362BFAE3C7006F010E /* MyTinApp.swift */ = {isa = PBXFileReference; lastKnownFileType = sourcecode.swift; path = MyTinApp.swift; sourceTree = "<group>"; };
		B67AB8382BFAE3C7006F010E /* ContentView.swift */ = {isa = PBXFileReference; lastKnownFileType = sourcecode.swift; path = ContentView.swift; sourceTree = "<group>"; };
		B67AB83A2BFAE3C8006F010E /* Assets.xcassets */ = {isa = PBXFileReference; lastKnownFileType = folder.assetcatalog; path = Assets.xcassets; sourceTree = "<group>"; };
		B67AB83D2BFAE3C8006F010E /* Preview Assets.xcassets */ = {isa = PBXFileReference; lastKnownFileType = folder.assetcatalog; path = "Preview Assets.xcassets"; sourceTree = "<group>"; };
		B68825B32BFFA98000C6EC1C /* User.swift */ = {isa = PBXFileReference; lastKnownFileType = sourcecode.swift; path = User.swift; sourceTree = "<group>"; };
		B68825B52BFFA99300C6EC1C /* Trip.swift */ = {isa = PBXFileReference; lastKnownFileType = sourcecode.swift; path = Trip.swift; sourceTree = "<group>"; };
		B68825B72BFFA9A000C6EC1C /* Day.swift */ = {isa = PBXFileReference; lastKnownFileType = sourcecode.swift; path = Day.swift; sourceTree = "<group>"; };
		B68825B92BFFA9AF00C6EC1C /* Destination.swift */ = {isa = PBXFileReference; lastKnownFileType = sourcecode.swift; path = Destination.swift; sourceTree = "<group>"; };
		B68825BB2BFFA9BB00C6EC1C /* ToDo.swift */ = {isa = PBXFileReference; lastKnownFileType = sourcecode.swift; path = ToDo.swift; sourceTree = "<group>"; };
		B68825BD2BFFA9D400C6EC1C /* Photo.swift */ = {isa = PBXFileReference; lastKnownFileType = sourcecode.swift; path = Photo.swift; sourceTree = "<group>"; };
		B68825BF2BFFAA0E00C6EC1C /* ModelData.swift */ = {isa = PBXFileReference; lastKnownFileType = sourcecode.swift; path = ModelData.swift; sourceTree = "<group>"; };
/* End PBXFileReference section */

/* Begin PBXFrameworksBuildPhase section */
		B67AB8302BFAE3C7006F010E /* Frameworks */ = {
			isa = PBXFrameworksBuildPhase;
			buildActionMask = 2147483647;
			files = (
			);
			runOnlyForDeploymentPostprocessing = 0;
		};
/* End PBXFrameworksBuildPhase section */

/* Begin PBXGroup section */
		08A741542C011A420053A41A /* Onboarding */ = {
			isa = PBXGroup;
			children = (
				08A741552C015E860053A41A /* OnboardingMainView.swift */,
				08A741592C0160DA0053A41A /* OnboardingMainViewModel.swift */,
				08A7415B2C0164EB0053A41A /* OnboardingSliderView.swift */,
				08A7415D2C01733B0053A41A /* OnboardingItemView.swift */,
			);
			path = Onboarding;
			sourceTree = "<group>";
		};
		B66D5A5E2C01B60C00536FEF /* Trips */ = {
			isa = PBXGroup;
			children = (
			);
			path = Trips;
			sourceTree = "<group>";
		};
		B66D5A5F2C01B61400536FEF /* Helper */ = {
			isa = PBXGroup;
			children = (
				B66D5A692C01C79900536FEF /* BottomRoundedCorners.swift */,
				B66D5A652C01BC6200536FEF /* CircleImage.swift */,
			);
			path = Helper;
			sourceTree = "<group>";
		};
		B66D5A602C01B66800536FEF /* Profiles */ = {
			isa = PBXGroup;
			children = (
			);
			path = Profiles;
			sourceTree = "<group>";
		};
		B67AB82A2BFAE3C7006F010E = {
			isa = PBXGroup;
			children = (
				B67AB8352BFAE3C7006F010E /* MyTin */,
				B67AB8342BFAE3C7006F010E /* Products */,
			);
			sourceTree = "<group>";
		};
		B67AB8342BFAE3C7006F010E /* Products */ = {
			isa = PBXGroup;
			children = (
				B67AB8332BFAE3C7006F010E /* MyTin.app */,
			);
			name = Products;
			sourceTree = "<group>";
		};
		B67AB8352BFAE3C7006F010E /* MyTin */ = {
			isa = PBXGroup;
			children = (
				B67AB8362BFAE3C7006F010E /* MyTinApp.swift */,
				B6D64B312BFB91A700E37B7E /* Views */,
				B6D64B322BFB91B200E37B7E /* Models */,
				B6D64B332BFB91BF00E37B7E /* Resources */,
				B67AB83A2BFAE3C8006F010E /* Assets.xcassets */,
				B67AB83C2BFAE3C8006F010E /* Preview Content */,
			);
			path = MyTin;
			sourceTree = "<group>";
		};
		B67AB83C2BFAE3C8006F010E /* Preview Content */ = {
			isa = PBXGroup;
			children = (
				B67AB83D2BFAE3C8006F010E /* Preview Assets.xcassets */,
			);
			path = "Preview Content";
			sourceTree = "<group>";
		};
		B68825AD2BFF98A900C6EC1C /* Days */ = {
			isa = PBXGroup;
			children = (
			);
			path = Days;
			sourceTree = "<group>";
		};
		B68825AE2BFF98BB00C6EC1C /* Destinations */ = {
			isa = PBXGroup;
			children = (
			);
			path = Destinations;
			sourceTree = "<group>";
		};
		B68825AF2BFF98C500C6EC1C /* ToDoLists */ = {
			isa = PBXGroup;
			children = (
			);
			path = ToDoLists;
			sourceTree = "<group>";
		};
		B68825B12BFF990300C6EC1C /* Albums */ = {
			isa = PBXGroup;
			children = (
			);
			path = Albums;
			sourceTree = "<group>";
		};
		B68825B22BFF993A00C6EC1C /* Forms */ = {
			isa = PBXGroup;
			children = (
			);
			path = Forms;
			sourceTree = "<group>";
		};
		B6D64B312BFB91A700E37B7E /* Views */ = {
			isa = PBXGroup;
			children = (
				B67AB8382BFAE3C7006F010E /* ContentView.swift */,
				B66D5A612C01B69E00536FEF /* HomePage.swift */,
				045A5ECF2C08228C0023BFDB /* FormPage.swift */,
				B66D5A602C01B66800536FEF /* Profiles */,
				B66D5A5E2C01B60C00536FEF /* Trips */,
				08A741542C011A420053A41A /* Onboarding */,
				B68825B22BFF993A00C6EC1C /* Forms */,
				B68825B12BFF990300C6EC1C /* Albums */,
				B68825AF2BFF98C500C6EC1C /* ToDoLists */,
				B68825AD2BFF98A900C6EC1C /* Days */,
				B68825AE2BFF98BB00C6EC1C /* Destinations */,
				B66D5A5F2C01B61400536FEF /* Helper */,
			);
			path = Views;
			sourceTree = "<group>";
		};
		B6D64B322BFB91B200E37B7E /* Models */ = {
			isa = PBXGroup;
			children = (
				B68825B32BFFA98000C6EC1C /* User.swift */,
				B68825B52BFFA99300C6EC1C /* Trip.swift */,
				B68825B72BFFA9A000C6EC1C /* Day.swift */,
				B68825B92BFFA9AF00C6EC1C /* Destination.swift */,
				B68825BB2BFFA9BB00C6EC1C /* ToDo.swift */,
				B68825BD2BFFA9D400C6EC1C /* Photo.swift */,
				B68825BF2BFFAA0E00C6EC1C /* ModelData.swift */,
				08A741572C015FDE0053A41A /* OnboardingModel.swift */,
			);
			path = Models;
			sourceTree = "<group>";
		};
		B6D64B332BFB91BF00E37B7E /* Resources */ = {
			isa = PBXGroup;
			children = (
			);
			path = Resources;
			sourceTree = "<group>";
		};
/* End PBXGroup section */

/* Begin PBXNativeTarget section */
		B67AB8322BFAE3C7006F010E /* MyTin */ = {
			isa = PBXNativeTarget;
			buildConfigurationList = B67AB8412BFAE3C8006F010E /* Build configuration list for PBXNativeTarget "MyTin" */;
			buildPhases = (
				B67AB82F2BFAE3C7006F010E /* Sources */,
				B67AB8302BFAE3C7006F010E /* Frameworks */,
				B67AB8312BFAE3C7006F010E /* Resources */,
			);
			buildRules = (
			);
			dependencies = (
			);
			name = MyTin;
			productName = MyTin;
			productReference = B67AB8332BFAE3C7006F010E /* MyTin.app */;
			productType = "com.apple.product-type.application";
		};
/* End PBXNativeTarget section */

/* Begin PBXProject section */
		B67AB82B2BFAE3C7006F010E /* Project object */ = {
			isa = PBXProject;
			attributes = {
				BuildIndependentTargetsInParallel = 1;
				LastSwiftUpdateCheck = 1520;
				LastUpgradeCheck = 1520;
				TargetAttributes = {
					B67AB8322BFAE3C7006F010E = {
						CreatedOnToolsVersion = 15.2;
					};
				};
			};
			buildConfigurationList = B67AB82E2BFAE3C7006F010E /* Build configuration list for PBXProject "MyTin" */;
			compatibilityVersion = "Xcode 14.0";
			developmentRegion = en;
			hasScannedForEncodings = 0;
			knownRegions = (
				en,
				Base,
			);
			mainGroup = B67AB82A2BFAE3C7006F010E;
			productRefGroup = B67AB8342BFAE3C7006F010E /* Products */;
			projectDirPath = "";
			projectRoot = "";
			targets = (
				B67AB8322BFAE3C7006F010E /* MyTin */,
			);
		};
/* End PBXProject section */

/* Begin PBXResourcesBuildPhase section */
		B67AB8312BFAE3C7006F010E /* Resources */ = {
			isa = PBXResourcesBuildPhase;
			buildActionMask = 2147483647;
			files = (
				B67AB83E2BFAE3C8006F010E /* Preview Assets.xcassets in Resources */,
				B67AB83B2BFAE3C8006F010E /* Assets.xcassets in Resources */,
			);
			runOnlyForDeploymentPostprocessing = 0;
		};
/* End PBXResourcesBuildPhase section */

/* Begin PBXSourcesBuildPhase section */
		B67AB82F2BFAE3C7006F010E /* Sources */ = {
			isa = PBXSourcesBuildPhase;
			buildActionMask = 2147483647;
			files = (
				B68825BE2BFFA9D400C6EC1C /* Photo.swift in Sources */,
				B66D5A662C01BC6200536FEF /* CircleImage.swift in Sources */,
				B68825B62BFFA99300C6EC1C /* Trip.swift in Sources */,
				B68825C02BFFAA0E00C6EC1C /* ModelData.swift in Sources */,
				08A741582C015FDE0053A41A /* OnboardingModel.swift in Sources */,
				08A7415A2C0160DA0053A41A /* OnboardingMainViewModel.swift in Sources */,
				B68825BC2BFFA9BB00C6EC1C /* ToDo.swift in Sources */,
				B67AB8392BFAE3C7006F010E /* ContentView.swift in Sources */,
				B68825BA2BFFA9AF00C6EC1C /* Destination.swift in Sources */,
				08A7415E2C01733B0053A41A /* OnboardingItemView.swift in Sources */,
				B67AB8372BFAE3C7006F010E /* MyTinApp.swift in Sources */,
				B66D5A622C01B69E00536FEF /* HomePage.swift in Sources */,
				08A7415C2C0164EB0053A41A /* OnboardingSliderView.swift in Sources */,
				B68825B82BFFA9A000C6EC1C /* Day.swift in Sources */,
				08A741562C015E860053A41A /* OnboardingMainView.swift in Sources */,
				B66D5A6A2C01C79900536FEF /* BottomRoundedCorners.swift in Sources */,
				045A5ED02C08228C0023BFDB /* FormPage.swift in Sources */,
				B68825B42BFFA98000C6EC1C /* User.swift in Sources */,
			);
			runOnlyForDeploymentPostprocessing = 0;
		};
/* End PBXSourcesBuildPhase section */

/* Begin XCBuildConfiguration section */
		B67AB83F2BFAE3C8006F010E /* Debug */ = {
			isa = XCBuildConfiguration;
			buildSettings = {
				ALWAYS_SEARCH_USER_PATHS = NO;
				ASSETCATALOG_COMPILER_GENERATE_SWIFT_ASSET_SYMBOL_EXTENSIONS = YES;
				CLANG_ANALYZER_NONNULL = YES;
				CLANG_ANALYZER_NUMBER_OBJECT_CONVERSION = YES_AGGRESSIVE;
				CLANG_CXX_LANGUAGE_STANDARD = "gnu++20";
				CLANG_ENABLE_MODULES = YES;
				CLANG_ENABLE_OBJC_ARC = YES;
				CLANG_ENABLE_OBJC_WEAK = YES;
				CLANG_WARN_BLOCK_CAPTURE_AUTORELEASING = YES;
				CLANG_WARN_BOOL_CONVERSION = YES;
				CLANG_WARN_COMMA = YES;
				CLANG_WARN_CONSTANT_CONVERSION = YES;
				CLANG_WARN_DEPRECATED_OBJC_IMPLEMENTATIONS = YES;
				CLANG_WARN_DIRECT_OBJC_ISA_USAGE = YES_ERROR;
				CLANG_WARN_DOCUMENTATION_COMMENTS = YES;
				CLANG_WARN_EMPTY_BODY = YES;
				CLANG_WARN_ENUM_CONVERSION = YES;
				CLANG_WARN_INFINITE_RECURSION = YES;
				CLANG_WARN_INT_CONVERSION = YES;
				CLANG_WARN_NON_LITERAL_NULL_CONVERSION = YES;
				CLANG_WARN_OBJC_IMPLICIT_RETAIN_SELF = YES;
				CLANG_WARN_OBJC_LITERAL_CONVERSION = YES;
				CLANG_WARN_OBJC_ROOT_CLASS = YES_ERROR;
				CLANG_WARN_QUOTED_INCLUDE_IN_FRAMEWORK_HEADER = YES;
				CLANG_WARN_RANGE_LOOP_ANALYSIS = YES;
				CLANG_WARN_STRICT_PROTOTYPES = YES;
				CLANG_WARN_SUSPICIOUS_MOVE = YES;
				CLANG_WARN_UNGUARDED_AVAILABILITY = YES_AGGRESSIVE;
				CLANG_WARN_UNREACHABLE_CODE = YES;
				CLANG_WARN__DUPLICATE_METHOD_MATCH = YES;
				COPY_PHASE_STRIP = NO;
				DEBUG_INFORMATION_FORMAT = dwarf;
				ENABLE_STRICT_OBJC_MSGSEND = YES;
				ENABLE_TESTABILITY = YES;
				ENABLE_USER_SCRIPT_SANDBOXING = YES;
				GCC_C_LANGUAGE_STANDARD = gnu17;
				GCC_DYNAMIC_NO_PIC = NO;
				GCC_NO_COMMON_BLOCKS = YES;
				GCC_OPTIMIZATION_LEVEL = 0;
				GCC_PREPROCESSOR_DEFINITIONS = (
					"DEBUG=1",
					"$(inherited)",
				);
				GCC_WARN_64_TO_32_BIT_CONVERSION = YES;
				GCC_WARN_ABOUT_RETURN_TYPE = YES_ERROR;
				GCC_WARN_UNDECLARED_SELECTOR = YES;
				GCC_WARN_UNINITIALIZED_AUTOS = YES_AGGRESSIVE;
				GCC_WARN_UNUSED_FUNCTION = YES;
				GCC_WARN_UNUSED_VARIABLE = YES;
				IPHONEOS_DEPLOYMENT_TARGET = 17.2;
				LOCALIZATION_PREFERS_STRING_CATALOGS = YES;
				MTL_ENABLE_DEBUG_INFO = INCLUDE_SOURCE;
				MTL_FAST_MATH = YES;
				ONLY_ACTIVE_ARCH = YES;
				SDKROOT = iphoneos;
				SWIFT_ACTIVE_COMPILATION_CONDITIONS = "DEBUG $(inherited)";
				SWIFT_OPTIMIZATION_LEVEL = "-Onone";
			};
			name = Debug;
		};
		B67AB8402BFAE3C8006F010E /* Release */ = {
			isa = XCBuildConfiguration;
			buildSettings = {
				ALWAYS_SEARCH_USER_PATHS = NO;
				ASSETCATALOG_COMPILER_GENERATE_SWIFT_ASSET_SYMBOL_EXTENSIONS = YES;
				CLANG_ANALYZER_NONNULL = YES;
				CLANG_ANALYZER_NUMBER_OBJECT_CONVERSION = YES_AGGRESSIVE;
				CLANG_CXX_LANGUAGE_STANDARD = "gnu++20";
				CLANG_ENABLE_MODULES = YES;
				CLANG_ENABLE_OBJC_ARC = YES;
				CLANG_ENABLE_OBJC_WEAK = YES;
				CLANG_WARN_BLOCK_CAPTURE_AUTORELEASING = YES;
				CLANG_WARN_BOOL_CONVERSION = YES;
				CLANG_WARN_COMMA = YES;
				CLANG_WARN_CONSTANT_CONVERSION = YES;
				CLANG_WARN_DEPRECATED_OBJC_IMPLEMENTATIONS = YES;
				CLANG_WARN_DIRECT_OBJC_ISA_USAGE = YES_ERROR;
				CLANG_WARN_DOCUMENTATION_COMMENTS = YES;
				CLANG_WARN_EMPTY_BODY = YES;
				CLANG_WARN_ENUM_CONVERSION = YES;
				CLANG_WARN_INFINITE_RECURSION = YES;
				CLANG_WARN_INT_CONVERSION = YES;
				CLANG_WARN_NON_LITERAL_NULL_CONVERSION = YES;
				CLANG_WARN_OBJC_IMPLICIT_RETAIN_SELF = YES;
				CLANG_WARN_OBJC_LITERAL_CONVERSION = YES;
				CLANG_WARN_OBJC_ROOT_CLASS = YES_ERROR;
				CLANG_WARN_QUOTED_INCLUDE_IN_FRAMEWORK_HEADER = YES;
				CLANG_WARN_RANGE_LOOP_ANALYSIS = YES;
				CLANG_WARN_STRICT_PROTOTYPES = YES;
				CLANG_WARN_SUSPICIOUS_MOVE = YES;
				CLANG_WARN_UNGUARDED_AVAILABILITY = YES_AGGRESSIVE;
				CLANG_WARN_UNREACHABLE_CODE = YES;
				CLANG_WARN__DUPLICATE_METHOD_MATCH = YES;
				COPY_PHASE_STRIP = NO;
				DEBUG_INFORMATION_FORMAT = "dwarf-with-dsym";
				ENABLE_NS_ASSERTIONS = NO;
				ENABLE_STRICT_OBJC_MSGSEND = YES;
				ENABLE_USER_SCRIPT_SANDBOXING = YES;
				GCC_C_LANGUAGE_STANDARD = gnu17;
				GCC_NO_COMMON_BLOCKS = YES;
				GCC_WARN_64_TO_32_BIT_CONVERSION = YES;
				GCC_WARN_ABOUT_RETURN_TYPE = YES_ERROR;
				GCC_WARN_UNDECLARED_SELECTOR = YES;
				GCC_WARN_UNINITIALIZED_AUTOS = YES_AGGRESSIVE;
				GCC_WARN_UNUSED_FUNCTION = YES;
				GCC_WARN_UNUSED_VARIABLE = YES;
				IPHONEOS_DEPLOYMENT_TARGET = 17.2;
				LOCALIZATION_PREFERS_STRING_CATALOGS = YES;
				MTL_ENABLE_DEBUG_INFO = NO;
				MTL_FAST_MATH = YES;
				SDKROOT = iphoneos;
				SWIFT_COMPILATION_MODE = wholemodule;
				VALIDATE_PRODUCT = YES;
			};
			name = Release;
		};
		B67AB8422BFAE3C8006F010E /* Debug */ = {
			isa = XCBuildConfiguration;
			buildSettings = {
				ASSETCATALOG_COMPILER_APPICON_NAME = AppIcon;
				ASSETCATALOG_COMPILER_GLOBAL_ACCENT_COLOR_NAME = AccentColor;
				CODE_SIGN_STYLE = Automatic;
				CURRENT_PROJECT_VERSION = 1;
				DEVELOPMENT_ASSET_PATHS = "\"MyTin/Preview Content\"";
				ENABLE_PREVIEWS = YES;
				GENERATE_INFOPLIST_FILE = YES;
				INFOPLIST_KEY_UIApplicationSceneManifest_Generation = YES;
				INFOPLIST_KEY_UIApplicationSupportsIndirectInputEvents = YES;
				INFOPLIST_KEY_UILaunchScreen_Generation = YES;
				INFOPLIST_KEY_UISupportedInterfaceOrientations_iPad = "UIInterfaceOrientationPortrait UIInterfaceOrientationPortraitUpsideDown UIInterfaceOrientationLandscapeLeft UIInterfaceOrientationLandscapeRight";
				INFOPLIST_KEY_UISupportedInterfaceOrientations_iPhone = "UIInterfaceOrientationPortrait UIInterfaceOrientationLandscapeLeft UIInterfaceOrientationLandscapeRight";
				LD_RUNPATH_SEARCH_PATHS = (
					"$(inherited)",
					"@executable_path/Frameworks",
				);
				MARKETING_VERSION = 1.0;
				PRODUCT_BUNDLE_IDENTIFIER = "com.example.apple-sampleCode.MyTin";
				PRODUCT_NAME = "$(TARGET_NAME)";
				SWIFT_EMIT_LOC_STRINGS = YES;
				SWIFT_VERSION = 5.0;
				TARGETED_DEVICE_FAMILY = "1,2";
			};
			name = Debug;
		};
		B67AB8432BFAE3C8006F010E /* Release */ = {
			isa = XCBuildConfiguration;
			buildSettings = {
				ASSETCATALOG_COMPILER_APPICON_NAME = AppIcon;
				ASSETCATALOG_COMPILER_GLOBAL_ACCENT_COLOR_NAME = AccentColor;
				CODE_SIGN_STYLE = Automatic;
				CURRENT_PROJECT_VERSION = 1;
				DEVELOPMENT_ASSET_PATHS = "\"MyTin/Preview Content\"";
				ENABLE_PREVIEWS = YES;
				GENERATE_INFOPLIST_FILE = YES;
				INFOPLIST_KEY_UIApplicationSceneManifest_Generation = YES;
				INFOPLIST_KEY_UIApplicationSupportsIndirectInputEvents = YES;
				INFOPLIST_KEY_UILaunchScreen_Generation = YES;
				INFOPLIST_KEY_UISupportedInterfaceOrientations_iPad = "UIInterfaceOrientationPortrait UIInterfaceOrientationPortraitUpsideDown UIInterfaceOrientationLandscapeLeft UIInterfaceOrientationLandscapeRight";
				INFOPLIST_KEY_UISupportedInterfaceOrientations_iPhone = "UIInterfaceOrientationPortrait UIInterfaceOrientationLandscapeLeft UIInterfaceOrientationLandscapeRight";
				LD_RUNPATH_SEARCH_PATHS = (
					"$(inherited)",
					"@executable_path/Frameworks",
				);
				MARKETING_VERSION = 1.0;
				PRODUCT_BUNDLE_IDENTIFIER = "com.example.apple-sampleCode.MyTin";
				PRODUCT_NAME = "$(TARGET_NAME)";
				SWIFT_EMIT_LOC_STRINGS = YES;
				SWIFT_VERSION = 5.0;
				TARGETED_DEVICE_FAMILY = "1,2";
			};
			name = Release;
		};
/* End XCBuildConfiguration section */

/* Begin XCConfigurationList section */
		B67AB82E2BFAE3C7006F010E /* Build configuration list for PBXProject "MyTin" */ = {
			isa = XCConfigurationList;
			buildConfigurations = (
				B67AB83F2BFAE3C8006F010E /* Debug */,
				B67AB8402BFAE3C8006F010E /* Release */,
			);
			defaultConfigurationIsVisible = 0;
			defaultConfigurationName = Release;
		};
		B67AB8412BFAE3C8006F010E /* Build configuration list for PBXNativeTarget "MyTin" */ = {
			isa = XCConfigurationList;
			buildConfigurations = (
				B67AB8422BFAE3C8006F010E /* Debug */,
				B67AB8432BFAE3C8006F010E /* Release */,
			);
			defaultConfigurationIsVisible = 0;
			defaultConfigurationName = Release;
		};
/* End XCConfigurationList section */
	};
	rootObject = B67AB82B2BFAE3C7006F010E /* Project object */;
}
